
Microsoft Visual Studio Solution File, Format Version 12.00
# Visual Studio Version 17
VisualStudioVersion = 17.0.31903.59
MinimumVisualStudioVersion = 10.0.40219.1
Project("{2150E333-8FDC-42A3-9474-1A3956D46DE8}") = "src", "src", "{827E0CD3-B72D-47B6-A68D-7590B98EB39B}"
EndProject
Project("{FAE04EC0-301F-11D3-BF4B-00C04F79EFBC}") = "FMMS.Domain", "src\FMMS.Domain\FMMS.Domain.csproj", "{DD7A7DAC-BDAD-4046-AD81-D072D86A076D}"
EndProject
Project("{FAE04EC0-301F-11D3-BF4B-00C04F79EFBC}") = "FMMS.Application", "src\FMMS.Application\FMMS.Application.csproj", "{161E2DF0-D72A-42A4-ADF6-2FEBBD37DA25}"
EndProject
Project("{FAE04EC0-301F-11D3-BF4B-00C04F79EFBC}") = "FMMS.Infrastructure", "src\FMMS.Infrastructure\FMMS.Infrastructure.csproj", "{E1C0AF72-DE9B-48B6-918F-4FD971265A94}"
EndProject
Project("{FAE04EC0-301F-11D3-BF4B-00C04F79EFBC}") = "FMMS.API", "src\FMMS.API\FMMS.API.csproj", "{0FA3B53E-8D62-467E-A88F-B17911F97B34}"
EndProject
Global
	GlobalSection(SolutionConfigurationPlatforms) = preSolution
		Debug|Any CPU = Debug|Any CPU
		Debug|x64 = Debug|x64
		Debug|x86 = Debug|x86
		Release|Any CPU = Release|Any CPU
		Release|x64 = Release|x64
		Release|x86 = Release|x86
	EndGlobalSection
	GlobalSection(ProjectConfigurationPlatforms) = postSolution
		{DD7A7DAC-BDAD-4046-AD81-D072D86A076D}.Debug|Any CPU.ActiveCfg = Debug|Any CPU
		{DD7A7DAC-BDAD-4046-AD81-D072D86A076D}.Debug|Any CPU.Build.0 = Debug|Any CPU
		{DD7A7DAC-BDAD-4046-AD81-D072D86A076D}.Debug|x64.ActiveCfg = Debug|Any CPU
		{DD7A7DAC-BDAD-4046-AD81-D072D86A076D}.Debug|x64.Build.0 = Debug|Any CPU
		{DD7A7DAC-BDAD-4046-AD81-D072D86A076D}.Debug|x86.ActiveCfg = Debug|Any CPU
		{DD7A7DAC-BDAD-4046-AD81-D072D86A076D}.Debug|x86.Build.0 = Debug|Any CPU
		{DD7A7DAC-BDAD-4046-AD81-D072D86A076D}.Release|Any CPU.ActiveCfg = Release|Any CPU
		{DD7A7DAC-BDAD-4046-AD81-D072D86A076D}.Release|Any CPU.Build.0 = Release|Any CPU
		{DD7A7DAC-BDAD-4046-AD81-D072D86A076D}.Release|x64.ActiveCfg = Release|Any CPU
		{DD7A7DAC-BDAD-4046-AD81-D072D86A076D}.Release|x64.Build.0 = Release|Any CPU
		{DD7A7DAC-BDAD-4046-AD81-D072D86A076D}.Release|x86.ActiveCfg = Release|Any CPU
		{DD7A7DAC-BDAD-4046-AD81-D072D86A076D}.Release|x86.Build.0 = Release|Any CPU
		{161E2DF0-D72A-42A4-ADF6-2FEBBD37DA25}.Debug|Any CPU.ActiveCfg = Debug|Any CPU
		{161E2DF0-D72A-42A4-ADF6-2FEBBD37DA25}.Debug|Any CPU.Build.0 = Debug|Any CPU
		{161E2DF0-D72A-42A4-ADF6-2FEBBD37DA25}.Debug|x64.ActiveCfg = Debug|Any CPU
		{161E2DF0-D72A-42A4-ADF6-2FEBBD37DA25}.Debug|x64.Build.0 = Debug|Any CPU
		{161E2DF0-D72A-42A4-ADF6-2FEBBD37DA25}.Debug|x86.ActiveCfg = Debug|Any CPU
		{161E2DF0-D72A-42A4-ADF6-2FEBBD37DA25}.Debug|x86.Build.0 = Debug|Any CPU
		{161E2DF0-D72A-42A4-ADF6-2FEBBD37DA25}.Release|Any CPU.ActiveCfg = Release|Any CPU
		{161E2DF0-D72A-42A4-ADF6-2FEBBD37DA25}.Release|Any CPU.Build.0 = Release|Any CPU
		{161E2DF0-D72A-42A4-ADF6-2FEBBD37DA25}.Release|x64.ActiveCfg = Release|Any CPU
		{161E2DF0-D72A-42A4-ADF6-2FEBBD37DA25}.Release|x64.Build.0 = Release|Any CPU
		{161E2DF0-D72A-42A4-ADF6-2FEBBD37DA25}.Release|x86.ActiveCfg = Release|Any CPU
		{161E2DF0-D72A-42A4-ADF6-2FEBBD37DA25}.Release|x86.Build.0 = Release|Any CPU
		{E1C0AF72-DE9B-48B6-918F-4FD971265A94}.Debug|Any CPU.ActiveCfg = Debug|Any CPU
		{E1C0AF72-DE9B-48B6-918F-4FD971265A94}.Debug|Any CPU.Build.0 = Debug|Any CPU
		{E1C0AF72-DE9B-48B6-918F-4FD971265A94}.Debug|x64.ActiveCfg = Debug|Any CPU
		{E1C0AF72-DE9B-48B6-918F-4FD971265A94}.Debug|x64.Build.0 = Debug|Any CPU
		{E1C0AF72-DE9B-48B6-918F-4FD971265A94}.Debug|x86.ActiveCfg = Debug|Any CPU
		{E1C0AF72-DE9B-48B6-918F-4FD971265A94}.Debug|x86.Build.0 = Debug|Any CPU
		{E1C0AF72-DE9B-48B6-918F-4FD971265A94}.Release|Any CPU.ActiveCfg = Release|Any CPU
		{E1C0AF72-DE9B-48B6-918F-4FD971265A94}.Release|Any CPU.Build.0 = Release|Any CPU
		{E1C0AF72-DE9B-48B6-918F-4FD971265A94}.Release|x64.ActiveCfg = Release|Any CPU
		{E1C0AF72-DE9B-48B6-918F-4FD971265A94}.Release|x64.Build.0 = Release|Any CPU
		{E1C0AF72-DE9B-48B6-918F-4FD971265A94}.Release|x86.ActiveCfg = Release|Any CPU
		{E1C0AF72-DE9B-48B6-918F-4FD971265A94}.Release|x86.Build.0 = Release|Any CPU
		{0FA3B53E-8D62-467E-A88F-B17911F97B34}.Debug|Any CPU.ActiveCfg = Debug|Any CPU
		{0FA3B53E-8D62-467E-A88F-B17911F97B34}.Debug|Any CPU.Build.0 = Debug|Any CPU
		{0FA3B53E-8D62-467E-A88F-B17911F97B34}.Debug|x64.ActiveCfg = Debug|Any CPU
		{0FA3B53E-8D62-467E-A88F-B17911F97B34}.Debug|x64.Build.0 = Debug|Any CPU
		{0FA3B53E-8D62-467E-A88F-B17911F97B34}.Debug|x86.ActiveCfg = Debug|Any CPU
		{0FA3B53E-8D62-467E-A88F-B17911F97B34}.Debug|x86.Build.0 = Debug|Any CPU
		{0FA3B53E-8D62-467E-A88F-B17911F97B34}.Release|Any CPU.ActiveCfg = Release|Any CPU
		{0FA3B53E-8D62-467E-A88F-B17911F97B34}.Release|Any CPU.Build.0 = Release|Any CPU
		{0FA3B53E-8D62-467E-A88F-B17911F97B34}.Release|x64.ActiveCfg = Release|Any CPU
		{0FA3B53E-8D62-467E-A88F-B17911F97B34}.Release|x64.Build.0 = Release|Any CPU
		{0FA3B53E-8D62-467E-A88F-B17911F97B34}.Release|x86.ActiveCfg = Release|Any CPU
		{0FA3B53E-8D62-467E-A88F-B17911F97B34}.Release|x86.Build.0 = Release|Any CPU
	EndGlobalSection
	GlobalSection(SolutionProperties) = preSolution
		HideSolutionNode = FALSE
	EndGlobalSection
	GlobalSection(NestedProjects) = preSolution
		{DD7A7DAC-BDAD-4046-AD81-D072D86A076D} = {827E0CD3-B72D-47B6-A68D-7590B98EB39B}
		{161E2DF0-D72A-42A4-ADF6-2FEBBD37DA25} = {827E0CD3-B72D-47B6-A68D-7590B98EB39B}
		{E1C0AF72-DE9B-48B6-918F-4FD971265A94} = {827E0CD3-B72D-47B6-A68D-7590B98EB39B}
		{0FA3B53E-8D62-467E-A88F-B17911F97B34} = {827E0CD3-B72D-47B6-A68D-7590B98EB39B}
	EndGlobalSection
EndGlobal
